
Microsoft Visual Studio Solution File, Format Version 12.00
# Visual Studio Version 17
VisualStudioVersion = 17.4.33205.214
MinimumVisualStudioVersion = 10.0.40219.1
Project("{FAE04EC0-301F-11D3-BF4B-00C04F79EFBC}") = "CommandsService", "CommandsService\CommandsService.csproj", "{DCA2291A-FCF9-41F0-AA73-487F9BB1FA5A}"
EndProject
Global
	GlobalSection(SolutionConfigurationPlatforms) = preSolution
		Debug|Any CPU = Debug|Any CPU
		Release|Any CPU = Release|Any CPU
	EndGlobalSection
	GlobalSection(ProjectConfigurationPlatforms) = postSolution
		{DCA2291A-FCF9-41F0-AA73-487F9BB1FA5A}.Debug|Any CPU.ActiveCfg = Debug|Any CPU
		{DCA2291A-FCF9-41F0-AA73-487F9BB1FA5A}.Debug|Any CPU.Build.0 = Debug|Any CPU
		{DCA2291A-FCF9-41F0-AA73-487F9BB1FA5A}.Release|Any CPU.ActiveCfg = Release|Any CPU
		{DCA2291A-FCF9-41F0-AA73-487F9BB1FA5A}.Release|Any CPU.Build.0 = Release|Any CPU
	EndGlobalSection
	GlobalSection(SolutionProperties) = preSolution
		HideSolutionNode = FALSE
	EndGlobalSection
	GlobalSection(ExtensibilityGlobals) = postSolution
		SolutionGuid = {C63E13B1-FA7A-4984-A145-5BBC0BD0989C}
	EndGlobalSection
EndGlobal
